// !$*UTF8*$!
{
	archiveVersion = 1;
	classes = {
	};
	objectVersion = 56;
	objects = {

/* Begin PBXBuildFile section */
		AD6B79B029B0B04D008522FE /* AppDelegate.swift in Sources */ = {isa = PBXBuildFile; fileRef = AD6B79AF29B0B04D008522FE /* AppDelegate.swift */; };
		AD6B79B429B0B04D008522FE /* HabitsTabBarController.swift in Sources */ = {isa = PBXBuildFile; fileRef = AD6B79B329B0B04D008522FE /* HabitsTabBarController.swift */; };
		AD6B79B929B0B051008522FE /* Assets.xcassets in Resources */ = {isa = PBXBuildFile; fileRef = AD6B79B829B0B051008522FE /* Assets.xcassets */; };
		AD6B79BC29B0B051008522FE /* LaunchScreen.storyboard in Resources */ = {isa = PBXBuildFile; fileRef = AD6B79BA29B0B051008522FE /* LaunchScreen.storyboard */; };
		AD6B79C629B0BB2E008522FE /* HabitsStore.swift in Sources */ = {isa = PBXBuildFile; fileRef = AD6B79C529B0BB2E008522FE /* HabitsStore.swift */; };
		AD6B79CB29B0BCD1008522FE /* HabitsViewController.swift in Sources */ = {isa = PBXBuildFile; fileRef = AD6B79CA29B0BCD1008522FE /* HabitsViewController.swift */; };
		AD6B79CD29B0BCE7008522FE /* InfoViewController.swift in Sources */ = {isa = PBXBuildFile; fileRef = AD6B79CC29B0BCE7008522FE /* InfoViewController.swift */; };
		AD6B79CF29B0C22A008522FE /* Resources.swift in Sources */ = {isa = PBXBuildFile; fileRef = AD6B79CE29B0C22A008522FE /* Resources.swift */; };
		AD6B79D129B0DA17008522FE /* InfoView.swift in Sources */ = {isa = PBXBuildFile; fileRef = AD6B79D029B0DA16008522FE /* InfoView.swift */; };
		AD6B79D629B0EEFA008522FE /* HabitsView.swift in Sources */ = {isa = PBXBuildFile; fileRef = AD6B79D529B0EEFA008522FE /* HabitsView.swift */; };
		AD6B79D929B0F05A008522FE /* Info.swift in Sources */ = {isa = PBXBuildFile; fileRef = AD6B79D829B0F05A008522FE /* Info.swift */; };
		AD6B79DC29B0F562008522FE /* UIView +ext.swift in Sources */ = {isa = PBXBuildFile; fileRef = AD6B79DB29B0F562008522FE /* UIView +ext.swift */; };
		AD6B79E029B103BC008522FE /* UIViewController +ext.swift in Sources */ = {isa = PBXBuildFile; fileRef = AD6B79DF29B103BC008522FE /* UIViewController +ext.swift */; };
/* End PBXBuildFile section */

/* Begin PBXFileReference section */
		AD6B79AC29B0B04D008522FE /* MyHabits.app */ = {isa = PBXFileReference; explicitFileType = wrapper.application; includeInIndex = 0; path = MyHabits.app; sourceTree = BUILT_PRODUCTS_DIR; };
		AD6B79AF29B0B04D008522FE /* AppDelegate.swift */ = {isa = PBXFileReference; lastKnownFileType = sourcecode.swift; path = AppDelegate.swift; sourceTree = "<group>"; };
		AD6B79B329B0B04D008522FE /* HabitsTabBarController.swift */ = {isa = PBXFileReference; lastKnownFileType = sourcecode.swift; path = HabitsTabBarController.swift; sourceTree = "<group>"; };
		AD6B79B829B0B051008522FE /* Assets.xcassets */ = {isa = PBXFileReference; lastKnownFileType = folder.assetcatalog; path = Assets.xcassets; sourceTree = "<group>"; };
		AD6B79BB29B0B051008522FE /* Base */ = {isa = PBXFileReference; lastKnownFileType = file.storyboard; name = Base; path = Base.lproj/LaunchScreen.storyboard; sourceTree = "<group>"; };
		AD6B79BD29B0B051008522FE /* Info.plist */ = {isa = PBXFileReference; lastKnownFileType = text.plist.xml; path = Info.plist; sourceTree = "<group>"; };
		AD6B79C529B0BB2E008522FE /* HabitsStore.swift */ = {isa = PBXFileReference; lastKnownFileType = sourcecode.swift; path = HabitsStore.swift; sourceTree = "<group>"; };
		AD6B79CA29B0BCD1008522FE /* HabitsViewController.swift */ = {isa = PBXFileReference; lastKnownFileType = sourcecode.swift; path = HabitsViewController.swift; sourceTree = "<group>"; };
		AD6B79CC29B0BCE7008522FE /* InfoViewController.swift */ = {isa = PBXFileReference; lastKnownFileType = sourcecode.swift; path = InfoViewController.swift; sourceTree = "<group>"; };
		AD6B79CE29B0C22A008522FE /* Resources.swift */ = {isa = PBXFileReference; lastKnownFileType = sourcecode.swift; path = Resources.swift; sourceTree = "<group>"; };
		AD6B79D029B0DA16008522FE /* InfoView.swift */ = {isa = PBXFileReference; lastKnownFileType = sourcecode.swift; path = InfoView.swift; sourceTree = "<group>"; };
		AD6B79D529B0EEFA008522FE /* HabitsView.swift */ = {isa = PBXFileReference; lastKnownFileType = sourcecode.swift; path = HabitsView.swift; sourceTree = "<group>"; };
		AD6B79D829B0F05A008522FE /* Info.swift */ = {isa = PBXFileReference; lastKnownFileType = sourcecode.swift; path = Info.swift; sourceTree = "<group>"; };
		AD6B79DB29B0F562008522FE /* UIView +ext.swift */ = {isa = PBXFileReference; lastKnownFileType = sourcecode.swift; path = "UIView +ext.swift"; sourceTree = "<group>"; };
		AD6B79DF29B103BC008522FE /* UIViewController +ext.swift */ = {isa = PBXFileReference; lastKnownFileType = sourcecode.swift; path = "UIViewController +ext.swift"; sourceTree = "<group>"; };
/* End PBXFileReference section */

/* Begin PBXFrameworksBuildPhase section */
		AD6B79A929B0B04D008522FE /* Frameworks */ = {
			isa = PBXFrameworksBuildPhase;
			buildActionMask = 2147483647;
			files = (
			);
			runOnlyForDeploymentPostprocessing = 0;
		};
/* End PBXFrameworksBuildPhase section */

/* Begin PBXGroup section */
		AD6B79A329B0B04D008522FE = {
			isa = PBXGroup;
			children = (
				AD6B79AE29B0B04D008522FE /* MyHabits */,
				AD6B79AD29B0B04D008522FE /* Products */,
			);
			sourceTree = "<group>";
		};
		AD6B79AD29B0B04D008522FE /* Products */ = {
			isa = PBXGroup;
			children = (
				AD6B79AC29B0B04D008522FE /* MyHabits.app */,
			);
			name = Products;
			sourceTree = "<group>";
		};
		AD6B79AE29B0B04D008522FE /* MyHabits */ = {
			isa = PBXGroup;
			children = (
				AD6B79C529B0BB2E008522FE /* HabitsStore.swift */,
				AD6B79D729B0F04B008522FE /* Models */,
				AD6B79C329B0B41D008522FE /* Application */,
				AD6B79C829B0BBF3008522FE /* HabitsScreen */,
				AD6B79C929B0BBFD008522FE /* InfoScreen */,
				AD6B79D429B0EE21008522FE /* CorrectHabit */,
				AD6B79D329B0EDE8008522FE /* DeleteHabit */,
				AD6B79D229B0EDD5008522FE /* AddHabit */,
				AD6B79DA29B0F53E008522FE /* Extensions */,
				AD6B79C429B0B432008522FE /* Resources */,
			);
			path = MyHabits;
			sourceTree = "<group>";
		};
		AD6B79C329B0B41D008522FE /* Application */ = {
			isa = PBXGroup;
			children = (
				AD6B79AF29B0B04D008522FE /* AppDelegate.swift */,
				AD6B79B329B0B04D008522FE /* HabitsTabBarController.swift */,
			);
			path = Application;
			sourceTree = "<group>";
		};
		AD6B79C429B0B432008522FE /* Resources */ = {
			isa = PBXGroup;
			children = (
				AD6B79BA29B0B051008522FE /* LaunchScreen.storyboard */,
				AD6B79CE29B0C22A008522FE /* Resources.swift */,
				AD6B79B829B0B051008522FE /* Assets.xcassets */,
				AD6B79BD29B0B051008522FE /* Info.plist */,
			);
			path = Resources;
			sourceTree = "<group>";
		};
		AD6B79C829B0BBF3008522FE /* HabitsScreen */ = {
			isa = PBXGroup;
			children = (
				AD6B79CA29B0BCD1008522FE /* HabitsViewController.swift */,
				AD6B79D529B0EEFA008522FE /* HabitsView.swift */,
			);
			path = HabitsScreen;
			sourceTree = "<group>";
		};
		AD6B79C929B0BBFD008522FE /* InfoScreen */ = {
			isa = PBXGroup;
			children = (
				AD6B79CC29B0BCE7008522FE /* InfoViewController.swift */,
				AD6B79D029B0DA16008522FE /* InfoView.swift */,
			);
			path = InfoScreen;
			sourceTree = "<group>";
		};
		AD6B79D229B0EDD5008522FE /* AddHabit */ = {
			isa = PBXGroup;
			children = (
			);
			path = AddHabit;
			sourceTree = "<group>";
		};
		AD6B79D329B0EDE8008522FE /* DeleteHabit */ = {
			isa = PBXGroup;
			children = (
			);
			path = DeleteHabit;
			sourceTree = "<group>";
		};
		AD6B79D429B0EE21008522FE /* CorrectHabit */ = {
			isa = PBXGroup;
			children = (
			);
			path = CorrectHabit;
			sourceTree = "<group>";
		};
		AD6B79D729B0F04B008522FE /* Models */ = {
			isa = PBXGroup;
			children = (
				AD6B79D829B0F05A008522FE /* Info.swift */,
			);
			path = Models;
			sourceTree = "<group>";
		};
		AD6B79DA29B0F53E008522FE /* Extensions */ = {
			isa = PBXGroup;
			children = (
				AD6B79DB29B0F562008522FE /* UIView +ext.swift */,
				AD6B79DF29B103BC008522FE /* UIViewController +ext.swift */,
			);
			path = Extensions;
			sourceTree = "<group>";
		};
/* End PBXGroup section */

/* Begin PBXNativeTarget section */
		AD6B79AB29B0B04D008522FE /* MyHabits */ = {
			isa = PBXNativeTarget;
			buildConfigurationList = AD6B79C029B0B051008522FE /* Build configuration list for PBXNativeTarget "MyHabits" */;
			buildPhases = (
				AD6B79A829B0B04D008522FE /* Sources */,
				AD6B79A929B0B04D008522FE /* Frameworks */,
				AD6B79AA29B0B04D008522FE /* Resources */,
			);
			buildRules = (
			);
			dependencies = (
			);
			name = MyHabits;
			productName = MyHabits;
			productReference = AD6B79AC29B0B04D008522FE /* MyHabits.app */;
			productType = "com.apple.product-type.application";
		};
/* End PBXNativeTarget section */

/* Begin PBXProject section */
		AD6B79A429B0B04D008522FE /* Project object */ = {
			isa = PBXProject;
			attributes = {
				BuildIndependentTargetsInParallel = 1;
				LastSwiftUpdateCheck = 1420;
				LastUpgradeCheck = 1420;
				TargetAttributes = {
					AD6B79AB29B0B04D008522FE = {
						CreatedOnToolsVersion = 14.2;
					};
				};
			};
			buildConfigurationList = AD6B79A729B0B04D008522FE /* Build configuration list for PBXProject "MyHabits" */;
			compatibilityVersion = "Xcode 14.0";
			developmentRegion = en;
			hasScannedForEncodings = 0;
			knownRegions = (
				en,
				Base,
			);
			mainGroup = AD6B79A329B0B04D008522FE;
			productRefGroup = AD6B79AD29B0B04D008522FE /* Products */;
			projectDirPath = "";
			projectRoot = "";
			targets = (
				AD6B79AB29B0B04D008522FE /* MyHabits */,
			);
		};
/* End PBXProject section */

/* Begin PBXResourcesBuildPhase section */
		AD6B79AA29B0B04D008522FE /* Resources */ = {
			isa = PBXResourcesBuildPhase;
			buildActionMask = 2147483647;
			files = (
				AD6B79BC29B0B051008522FE /* LaunchScreen.storyboard in Resources */,
				AD6B79B929B0B051008522FE /* Assets.xcassets in Resources */,
			);
			runOnlyForDeploymentPostprocessing = 0;
		};
/* End PBXResourcesBuildPhase section */

/* Begin PBXSourcesBuildPhase section */
		AD6B79A829B0B04D008522FE /* Sources */ = {
			isa = PBXSourcesBuildPhase;
			buildActionMask = 2147483647;
			files = (
				AD6B79C629B0BB2E008522FE /* HabitsStore.swift in Sources */,
				AD6B79D629B0EEFA008522FE /* HabitsView.swift in Sources */,
				AD6B79B429B0B04D008522FE /* HabitsTabBarController.swift in Sources */,
				AD6B79E029B103BC008522FE /* UIViewController +ext.swift in Sources */,
				AD6B79DC29B0F562008522FE /* UIView +ext.swift in Sources */,
				AD6B79B029B0B04D008522FE /* AppDelegate.swift in Sources */,
				AD6B79CF29B0C22A008522FE /* Resources.swift in Sources */,
				AD6B79CB29B0BCD1008522FE /* HabitsViewController.swift in Sources */,
				AD6B79D929B0F05A008522FE /* Info.swift in Sources */,
				AD6B79CD29B0BCE7008522FE /* InfoViewController.swift in Sources */,
				AD6B79D129B0DA17008522FE /* InfoView.swift in Sources */,
			);
			runOnlyForDeploymentPostprocessing = 0;
		};
/* End PBXSourcesBuildPhase section */

/* Begin PBXVariantGroup section */
		AD6B79BA29B0B051008522FE /* LaunchScreen.storyboard */ = {
			isa = PBXVariantGroup;
			children = (
				AD6B79BB29B0B051008522FE /* Base */,
			);
			name = LaunchScreen.storyboard;
			sourceTree = "<group>";
		};
/* End PBXVariantGroup section */

/* Begin XCBuildConfiguration section */
		AD6B79BE29B0B051008522FE /* Debug */ = {
			isa = XCBuildConfiguration;
			buildSettings = {
				ALWAYS_SEARCH_USER_PATHS = NO;
				CLANG_ANALYZER_NONNULL = YES;
				CLANG_ANALYZER_NUMBER_OBJECT_CONVERSION = YES_AGGRESSIVE;
				CLANG_CXX_LANGUAGE_STANDARD = "gnu++20";
				CLANG_ENABLE_MODULES = YES;
				CLANG_ENABLE_OBJC_ARC = YES;
				CLANG_ENABLE_OBJC_WEAK = YES;
				CLANG_WARN_BLOCK_CAPTURE_AUTORELEASING = YES;
				CLANG_WARN_BOOL_CONVERSION = YES;
				CLANG_WARN_COMMA = YES;
				CLANG_WARN_CONSTANT_CONVERSION = YES;
				CLANG_WARN_DEPRECATED_OBJC_IMPLEMENTATIONS = YES;
				CLANG_WARN_DIRECT_OBJC_ISA_USAGE = YES_ERROR;
				CLANG_WARN_DOCUMENTATION_COMMENTS = YES;
				CLANG_WARN_EMPTY_BODY = YES;
				CLANG_WARN_ENUM_CONVERSION = YES;
				CLANG_WARN_INFINITE_RECURSION = YES;
				CLANG_WARN_INT_CONVERSION = YES;
				CLANG_WARN_NON_LITERAL_NULL_CONVERSION = YES;
				CLANG_WARN_OBJC_IMPLICIT_RETAIN_SELF = YES;
				CLANG_WARN_OBJC_LITERAL_CONVERSION = YES;
				CLANG_WARN_OBJC_ROOT_CLASS = YES_ERROR;
				CLANG_WARN_QUOTED_INCLUDE_IN_FRAMEWORK_HEADER = YES;
				CLANG_WARN_RANGE_LOOP_ANALYSIS = YES;
				CLANG_WARN_STRICT_PROTOTYPES = YES;
				CLANG_WARN_SUSPICIOUS_MOVE = YES;
				CLANG_WARN_UNGUARDED_AVAILABILITY = YES_AGGRESSIVE;
				CLANG_WARN_UNREACHABLE_CODE = YES;
				CLANG_WARN__DUPLICATE_METHOD_MATCH = YES;
				COPY_PHASE_STRIP = NO;
				DEBUG_INFORMATION_FORMAT = dwarf;
				ENABLE_STRICT_OBJC_MSGSEND = YES;
				ENABLE_TESTABILITY = YES;
				GCC_C_LANGUAGE_STANDARD = gnu11;
				GCC_DYNAMIC_NO_PIC = NO;
				GCC_NO_COMMON_BLOCKS = YES;
				GCC_OPTIMIZATION_LEVEL = 0;
				GCC_PREPROCESSOR_DEFINITIONS = (
					"DEBUG=1",
					"$(inherited)",
				);
				GCC_WARN_64_TO_32_BIT_CONVERSION = YES;
				GCC_WARN_ABOUT_RETURN_TYPE = YES_ERROR;
				GCC_WARN_UNDECLARED_SELECTOR = YES;
				GCC_WARN_UNINITIALIZED_AUTOS = YES_AGGRESSIVE;
				GCC_WARN_UNUSED_FUNCTION = YES;
				GCC_WARN_UNUSED_VARIABLE = YES;
				IPHONEOS_DEPLOYMENT_TARGET = 16.2;
				MTL_ENABLE_DEBUG_INFO = INCLUDE_SOURCE;
				MTL_FAST_MATH = YES;
				ONLY_ACTIVE_ARCH = YES;
				SDKROOT = iphoneos;
				SWIFT_ACTIVE_COMPILATION_CONDITIONS = DEBUG;
				SWIFT_OPTIMIZATION_LEVEL = "-Onone";
			};
			name = Debug;
		};
		AD6B79BF29B0B051008522FE /* Release */ = {
			isa = XCBuildConfiguration;
			buildSettings = {
				ALWAYS_SEARCH_USER_PATHS = NO;
				CLANG_ANALYZER_NONNULL = YES;
				CLANG_ANALYZER_NUMBER_OBJECT_CONVERSION = YES_AGGRESSIVE;
				CLANG_CXX_LANGUAGE_STANDARD = "gnu++20";
				CLANG_ENABLE_MODULES = YES;
				CLANG_ENABLE_OBJC_ARC = YES;
				CLANG_ENABLE_OBJC_WEAK = YES;
				CLANG_WARN_BLOCK_CAPTURE_AUTORELEASING = YES;
				CLANG_WARN_BOOL_CONVERSION = YES;
				CLANG_WARN_COMMA = YES;
				CLANG_WARN_CONSTANT_CONVERSION = YES;
				CLANG_WARN_DEPRECATED_OBJC_IMPLEMENTATIONS = YES;
				CLANG_WARN_DIRECT_OBJC_ISA_USAGE = YES_ERROR;
				CLANG_WARN_DOCUMENTATION_COMMENTS = YES;
				CLANG_WARN_EMPTY_BODY = YES;
				CLANG_WARN_ENUM_CONVERSION = YES;
				CLANG_WARN_INFINITE_RECURSION = YES;
				CLANG_WARN_INT_CONVERSION = YES;
				CLANG_WARN_NON_LITERAL_NULL_CONVERSION = YES;
				CLANG_WARN_OBJC_IMPLICIT_RETAIN_SELF = YES;
				CLANG_WARN_OBJC_LITERAL_CONVERSION = YES;
				CLANG_WARN_OBJC_ROOT_CLASS = YES_ERROR;
				CLANG_WARN_QUOTED_INCLUDE_IN_FRAMEWORK_HEADER = YES;
				CLANG_WARN_RANGE_LOOP_ANALYSIS = YES;
				CLANG_WARN_STRICT_PROTOTYPES = YES;
				CLANG_WARN_SUSPICIOUS_MOVE = YES;
				CLANG_WARN_UNGUARDED_AVAILABILITY = YES_AGGRESSIVE;
				CLANG_WARN_UNREACHABLE_CODE = YES;
				CLANG_WARN__DUPLICATE_METHOD_MATCH = YES;
				COPY_PHASE_STRIP = NO;
				DEBUG_INFORMATION_FORMAT = "dwarf-with-dsym";
				ENABLE_NS_ASSERTIONS = NO;
				ENABLE_STRICT_OBJC_MSGSEND = YES;
				GCC_C_LANGUAGE_STANDARD = gnu11;
				GCC_NO_COMMON_BLOCKS = YES;
				GCC_WARN_64_TO_32_BIT_CONVERSION = YES;
				GCC_WARN_ABOUT_RETURN_TYPE = YES_ERROR;
				GCC_WARN_UNDECLARED_SELECTOR = YES;
				GCC_WARN_UNINITIALIZED_AUTOS = YES_AGGRESSIVE;
				GCC_WARN_UNUSED_FUNCTION = YES;
				GCC_WARN_UNUSED_VARIABLE = YES;
				IPHONEOS_DEPLOYMENT_TARGET = 16.2;
				MTL_ENABLE_DEBUG_INFO = NO;
				MTL_FAST_MATH = YES;
				SDKROOT = iphoneos;
				SWIFT_COMPILATION_MODE = wholemodule;
				SWIFT_OPTIMIZATION_LEVEL = "-O";
				VALIDATE_PRODUCT = YES;
			};
			name = Release;
		};
		AD6B79C129B0B051008522FE /* Debug */ = {
			isa = XCBuildConfiguration;
			buildSettings = {
				ASSETCATALOG_COMPILER_APPICON_NAME = AppIcon;
				ASSETCATALOG_COMPILER_GLOBAL_ACCENT_COLOR_NAME = AccentColor;
				CODE_SIGN_STYLE = Automatic;
				CURRENT_PROJECT_VERSION = 1;
				DEVELOPMENT_TEAM = "";
				GENERATE_INFOPLIST_FILE = YES;
				INFOPLIST_FILE = MyHabits/Resources/Info.plist;
				INFOPLIST_KEY_UIApplicationSupportsIndirectInputEvents = YES;
				INFOPLIST_KEY_UILaunchStoryboardName = LaunchScreen;
				INFOPLIST_KEY_UISupportedInterfaceOrientations = "UIInterfaceOrientationPortrait UIInterfaceOrientationPortraitUpsideDown";
				INFOPLIST_KEY_UISupportedInterfaceOrientations_iPad = "UIInterfaceOrientationLandscapeLeft UIInterfaceOrientationLandscapeRight UIInterfaceOrientationPortrait UIInterfaceOrientationPortraitUpsideDown";
				IPHONEOS_DEPLOYMENT_TARGET = 13.0;
				LD_RUNPATH_SEARCH_PATHS = (
					"$(inherited)",
					"@executable_path/Frameworks",
				);
				MARKETING_VERSION = 1.0;
				PRODUCT_BUNDLE_IDENTIFIER = "-.MyHabits";
				PRODUCT_NAME = "$(TARGET_NAME)";
				SUPPORTED_PLATFORMS = "iphoneos iphonesimulator";
				SUPPORTS_MACCATALYST = NO;
				SUPPORTS_MAC_DESIGNED_FOR_IPHONE_IPAD = NO;
				SWIFT_EMIT_LOC_STRINGS = YES;
				SWIFT_VERSION = 5.0;
				TARGETED_DEVICE_FAMILY = "1,2";
			};
			name = Debug;
		};
		AD6B79C229B0B051008522FE /* Release */ = {
			isa = XCBuildConfiguration;
			buildSettings = {
				ASSETCATALOG_COMPILER_APPICON_NAME = AppIcon;
				ASSETCATALOG_COMPILER_GLOBAL_ACCENT_COLOR_NAME = AccentColor;
				CODE_SIGN_STYLE = Automatic;
				CURRENT_PROJECT_VERSION = 1;
				DEVELOPMENT_TEAM = "";
				GENERATE_INFOPLIST_FILE = YES;
				INFOPLIST_FILE = MyHabits/Resources/Info.plist;
				INFOPLIST_KEY_UIApplicationSupportsIndirectInputEvents = YES;
				INFOPLIST_KEY_UILaunchStoryboardName = LaunchScreen;
				INFOPLIST_KEY_UISupportedInterfaceOrientations = "UIInterfaceOrientationPortrait UIInterfaceOrientationPortraitUpsideDown";
				INFOPLIST_KEY_UISupportedInterfaceOrientations_iPad = "UIInterfaceOrientationLandscapeLeft UIInterfaceOrientationLandscapeRight UIInterfaceOrientationPortrait UIInterfaceOrientationPortraitUpsideDown";
				IPHONEOS_DEPLOYMENT_TARGET = 13.0;
				LD_RUNPATH_SEARCH_PATHS = (
					"$(inherited)",
					"@executable_path/Frameworks",
				);
				MARKETING_VERSION = 1.0;
				PRODUCT_BUNDLE_IDENTIFIER = "-.MyHabits";
				PRODUCT_NAME = "$(TARGET_NAME)";
				SUPPORTED_PLATFORMS = "iphoneos iphonesimulator";
				SUPPORTS_MACCATALYST = NO;
				SUPPORTS_MAC_DESIGNED_FOR_IPHONE_IPAD = NO;
				SWIFT_EMIT_LOC_STRINGS = YES;
				SWIFT_VERSION = 5.0;
				TARGETED_DEVICE_FAMILY = "1,2";
			};
			name = Release;
		};
/* End XCBuildConfiguration section */

/* Begin XCConfigurationList section */
		AD6B79A729B0B04D008522FE /* Build configuration list for PBXProject "MyHabits" */ = {
			isa = XCConfigurationList;
			buildConfigurations = (
				AD6B79BE29B0B051008522FE /* Debug */,
				AD6B79BF29B0B051008522FE /* Release */,
			);
			defaultConfigurationIsVisible = 0;
			defaultConfigurationName = Release;
		};
		AD6B79C029B0B051008522FE /* Build configuration list for PBXNativeTarget "MyHabits" */ = {
			isa = XCConfigurationList;
			buildConfigurations = (
				AD6B79C129B0B051008522FE /* Debug */,
				AD6B79C229B0B051008522FE /* Release */,
			);
			defaultConfigurationIsVisible = 0;
			defaultConfigurationName = Release;
		};
/* End XCConfigurationList section */
	};
	rootObject = AD6B79A429B0B04D008522FE /* Project object */;
}
